# THIS IS AN AUTOGENERATED FILE. DO NOT EDIT THIS FILE DIRECTLY.
# yarn lockfile v1


fsevents@~2.1.2:
  version "2.1.2"
  resolved "https://registry.yarnpkg.com/fsevents/-/fsevents-2.1.2.tgz#4c0a1fb34bc68e543b4b82a9ec392bfbda840805"
  integrity sha512-R4wDiBwZ0KzpgOWetKDug1FZcYhqYnUYKtfZYt4mD5SBz76q0KR4Q9o7GIPamsVPGmW3EYPPJ0dOOjvx32ldZA==

rollup@2.0.3:
  version "2.0.3"
  resolved "https://registry.yarnpkg.com/rollup/-/rollup-2.0.3.tgz#b28fd528b3b15a8caf01fa7446c83bd66142b0ab"
  integrity sha512-OjTD1pmtqCFaaoTl+zf3dXlG0FR1PudauQzAYmP5hDLLrrisXP6EuzAx9MY6En5bv61e8F6JGcVQxsVOcqFTUA==
  optionalDependencies:
    fsevents "~2.1.2"
